// !$*UTF8*$!
{
	archiveVersion = 1;
	classes = {
	};
	objectVersion = 46;
	objects = {

/* Begin PBXBuildFile section */
		517EC3D41B79D2F30007BA07 /* main.m in Sources */ = {isa = PBXBuildFile; fileRef = 517EC3D31B79D2F30007BA07 /* main.m */; };
		628ED136D423D0DC27777618 /* People.m in Sources */ = {isa = PBXBuildFile; fileRef = 628ED18F338DD866025CAEAA /* People.m */; };
		628ED41F580C4475BDDDFC17 /* OOP.m in Sources */ = {isa = PBXBuildFile; fileRef = 628EDABC54F3E61A8A1078AB /* OOP.m */; };
		628ED59D07EE2E6DA60F9D5F /* NSMutableStringClass.m in Sources */ = {isa = PBXBuildFile; fileRef = 628EDD8C91864E62BCC9B454 /* NSMutableStringClass.m */; };
		628EDA4560E0256E5B141143 /* NSDictionaryClass.m in Sources */ = {isa = PBXBuildFile; fileRef = 628EDB157D68D1065205D84E /* NSDictionaryClass.m */; };
		628EDA77FC52F02573EF59A1 /* NSArrayClass.m in Sources */ = {isa = PBXBuildFile; fileRef = 628ED9189CB502F753476697 /* NSArrayClass.m */; };
		628EDA88A87FB3143F4E6DB4 /* NSMutableArrayClass.m in Sources */ = {isa = PBXBuildFile; fileRef = 628EDBB6CD22B4EB24341720 /* NSMutableArrayClass.m */; };
		628EDAB542DC39D956DA882B /* Base.m in Sources */ = {isa = PBXBuildFile; fileRef = 628ED66DDB6D7F22F549ABCF /* Base.m */; };
		628EDBA813C7FABF6A3FC51A /* Student.m in Sources */ = {isa = PBXBuildFile; fileRef = 628ED92D8FEF71D86C4FB816 /* Student.m */; };
		628EDF5510A6013DBCB450B8 /* NSStringClass.m in Sources */ = {isa = PBXBuildFile; fileRef = 628EDB8D7A173DA6A0CF8CBF /* NSStringClass.m */; };
		628EDFB65A0F5EC9FCD2024B /* NSMutableDictionaryClass.m in Sources */ = {isa = PBXBuildFile; fileRef = 628ED33514763B4132B9AC3F /* NSMutableDictionaryClass.m */; };
/* End PBXBuildFile section */

/* Begin PBXCopyFilesBuildPhase section */
		517EC3CE1B79D2F30007BA07 /* CopyFiles */ = {
			isa = PBXCopyFilesBuildPhase;
			buildActionMask = 2147483647;
			dstPath = /usr/share/man/man1/;
			dstSubfolderSpec = 0;
			files = (
			);
			runOnlyForDeploymentPostprocessing = 1;
		};
/* End PBXCopyFilesBuildPhase section */

/* Begin PBXFileReference section */
		517EC3D01B79D2F30007BA07 /* foundation */ = {isa = PBXFileReference; explicitFileType = "compiled.mach-o.executable"; includeInIndex = 0; path = foundation; sourceTree = BUILT_PRODUCTS_DIR; };
		517EC3D31B79D2F30007BA07 /* main.m */ = {isa = PBXFileReference; lastKnownFileType = sourcecode.c.objc; path = main.m; sourceTree = "<group>"; };
		628ED0B8EB440FC28906F6B0 /* NSDictionaryClass.h */ = {isa = PBXFileReference; fileEncoding = 4; lastKnownFileType = sourcecode.c.h; path = NSDictionaryClass.h; sourceTree = "<group>"; };
		628ED18F338DD866025CAEAA /* People.m */ = {isa = PBXFileReference; fileEncoding = 4; lastKnownFileType = sourcecode.c.objc; path = People.m; sourceTree = "<group>"; };
		628ED33514763B4132B9AC3F /* NSMutableDictionaryClass.m */ = {isa = PBXFileReference; fileEncoding = 4; lastKnownFileType = sourcecode.c.objc; path = NSMutableDictionaryClass.m; sourceTree = "<group>"; };
		628ED54325B0B7735C23B856 /* Student.h */ = {isa = PBXFileReference; fileEncoding = 4; lastKnownFileType = sourcecode.c.h; path = Student.h; sourceTree = "<group>"; };
		628ED66DDB6D7F22F549ABCF /* Base.m */ = {isa = PBXFileReference; fileEncoding = 4; lastKnownFileType = sourcecode.c.objc; path = Base.m; sourceTree = "<group>"; };
		628ED6B383438F8704C32E67 /* Base.h */ = {isa = PBXFileReference; fileEncoding = 4; lastKnownFileType = sourcecode.c.h; path = Base.h; sourceTree = "<group>"; };
		628ED7500DB64A55CAAAE717 /* People.h */ = {isa = PBXFileReference; fileEncoding = 4; lastKnownFileType = sourcecode.c.h; path = People.h; sourceTree = "<group>"; };
		628ED8341A44C081580AA7D5 /* NSMutableArrayClass.h */ = {isa = PBXFileReference; fileEncoding = 4; lastKnownFileType = sourcecode.c.h; path = NSMutableArrayClass.h; sourceTree = "<group>"; };
		628ED884AF701DDA7F9D28AE /* NSMutableDictionaryClass.h */ = {isa = PBXFileReference; fileEncoding = 4; lastKnownFileType = sourcecode.c.h; path = NSMutableDictionaryClass.h; sourceTree = "<group>"; };
		628ED9189CB502F753476697 /* NSArrayClass.m */ = {isa = PBXFileReference; fileEncoding = 4; lastKnownFileType = sourcecode.c.objc; path = NSArrayClass.m; sourceTree = "<group>"; };
		628ED92D8FEF71D86C4FB816 /* Student.m */ = {isa = PBXFileReference; fileEncoding = 4; lastKnownFileType = sourcecode.c.objc; path = Student.m; sourceTree = "<group>"; };
		628EDABC54F3E61A8A1078AB /* OOP.m */ = {isa = PBXFileReference; fileEncoding = 4; lastKnownFileType = sourcecode.c.objc; path = OOP.m; sourceTree = "<group>"; };
		628EDB157D68D1065205D84E /* NSDictionaryClass.m */ = {isa = PBXFileReference; fileEncoding = 4; lastKnownFileType = sourcecode.c.objc; path = NSDictionaryClass.m; sourceTree = "<group>"; };
		628EDB25E986892C9559582B /* NSMutableStringClass.h */ = {isa = PBXFileReference; fileEncoding = 4; lastKnownFileType = sourcecode.c.h; path = NSMutableStringClass.h; sourceTree = "<group>"; };
		628EDB8D7A173DA6A0CF8CBF /* NSStringClass.m */ = {isa = PBXFileReference; fileEncoding = 4; lastKnownFileType = sourcecode.c.objc; path = NSStringClass.m; sourceTree = "<group>"; };
		628EDBAD2AFA68B63A39C1DF /* NSStringClass.h */ = {isa = PBXFileReference; fileEncoding = 4; lastKnownFileType = sourcecode.c.h; path = NSStringClass.h; sourceTree = "<group>"; };
		628EDBB6CD22B4EB24341720 /* NSMutableArrayClass.m */ = {isa = PBXFileReference; fileEncoding = 4; lastKnownFileType = sourcecode.c.objc; path = NSMutableArrayClass.m; sourceTree = "<group>"; };
		628EDBC11E84D467B76B496D /* OOP.h */ = {isa = PBXFileReference; fileEncoding = 4; lastKnownFileType = sourcecode.c.h; path = OOP.h; sourceTree = "<group>"; };
		628EDD8C91864E62BCC9B454 /* NSMutableStringClass.m */ = {isa = PBXFileReference; fileEncoding = 4; lastKnownFileType = sourcecode.c.objc; path = NSMutableStringClass.m; sourceTree = "<group>"; };
		628EDE78230597AD1FCCC912 /* NSArrayClass.h */ = {isa = PBXFileReference; fileEncoding = 4; lastKnownFileType = sourcecode.c.h; path = NSArrayClass.h; sourceTree = "<group>"; };
/* End PBXFileReference section */

/* Begin PBXFrameworksBuildPhase section */
		517EC3CD1B79D2F30007BA07 /* Frameworks */ = {
			isa = PBXFrameworksBuildPhase;
			buildActionMask = 2147483647;
			files = (
			);
			runOnlyForDeploymentPostprocessing = 0;
		};
/* End PBXFrameworksBuildPhase section */

/* Begin PBXGroup section */
		517EC3C71B79D2F30007BA07 = {
			isa = PBXGroup;
			children = (
				517EC3D21B79D2F30007BA07 /* foundation */,
				517EC3D11B79D2F30007BA07 /* Products */,
			);
			sourceTree = "<group>";
		};
		517EC3D11B79D2F30007BA07 /* Products */ = {
			isa = PBXGroup;
			children = (
				517EC3D01B79D2F30007BA07 /* foundation */,
			);
			name = Products;
			sourceTree = "<group>";
		};
		517EC3D21B79D2F30007BA07 /* foundation */ = {
			isa = PBXGroup;
			children = (
				517EC3D31B79D2F30007BA07 /* main.m */,
				628EDB8D7A173DA6A0CF8CBF /* NSStringClass.m */,
				628EDBAD2AFA68B63A39C1DF /* NSStringClass.h */,
				628EDD8C91864E62BCC9B454 /* NSMutableStringClass.m */,
				628EDB25E986892C9559582B /* NSMutableStringClass.h */,
				628ED9189CB502F753476697 /* NSArrayClass.m */,
				628EDE78230597AD1FCCC912 /* NSArrayClass.h */,
				628EDBB6CD22B4EB24341720 /* NSMutableArrayClass.m */,
				628ED8341A44C081580AA7D5 /* NSMutableArrayClass.h */,
				628ED18F338DD866025CAEAA /* People.m */,
				628ED7500DB64A55CAAAE717 /* People.h */,
				628EDB157D68D1065205D84E /* NSDictionaryClass.m */,
				628ED0B8EB440FC28906F6B0 /* NSDictionaryClass.h */,
				628ED33514763B4132B9AC3F /* NSMutableDictionaryClass.m */,
				628ED884AF701DDA7F9D28AE /* NSMutableDictionaryClass.h */,
				628EDABC54F3E61A8A1078AB /* OOP.m */,
				628EDBC11E84D467B76B496D /* OOP.h */,
				628ED92D8FEF71D86C4FB816 /* Student.m */,
				628ED54325B0B7735C23B856 /* Student.h */,
				628ED66DDB6D7F22F549ABCF /* Base.m */,
				628ED6B383438F8704C32E67 /* Base.h */,
			);
			path = foundation;
			sourceTree = "<group>";
		};
/* End PBXGroup section */

/* Begin PBXNativeTarget section */
		517EC3CF1B79D2F30007BA07 /* foundation */ = {
			isa = PBXNativeTarget;
			buildConfigurationList = 517EC3D71B79D2F30007BA07 /* Build configuration list for PBXNativeTarget "foundation" */;
			buildPhases = (
				517EC3CC1B79D2F30007BA07 /* Sources */,
				517EC3CD1B79D2F30007BA07 /* Frameworks */,
				517EC3CE1B79D2F30007BA07 /* CopyFiles */,
			);
			buildRules = (
			);
			dependencies = (
			);
			name = foundation;
			productName = foundation;
			productReference = 517EC3D01B79D2F30007BA07 /* foundation */;
			productType = "com.apple.product-type.tool";
		};
/* End PBXNativeTarget section */

/* Begin PBXProject section */
		517EC3C81B79D2F30007BA07 /* Project object */ = {
			isa = PBXProject;
			attributes = {
				LastUpgradeCheck = 0640;
				ORGANIZATIONNAME = hujianmeng;
				TargetAttributes = {
					517EC3CF1B79D2F30007BA07 = {
						CreatedOnToolsVersion = 6.4;
					};
				};
			};
			buildConfigurationList = 517EC3CB1B79D2F30007BA07 /* Build configuration list for PBXProject "foundation" */;
			compatibilityVersion = "Xcode 3.2";
			developmentRegion = English;
			hasScannedForEncodings = 0;
			knownRegions = (
				en,
			);
			mainGroup = 517EC3C71B79D2F30007BA07;
			productRefGroup = 517EC3D11B79D2F30007BA07 /* Products */;
			projectDirPath = "";
			projectRoot = "";
			targets = (
				517EC3CF1B79D2F30007BA07 /* foundation */,
			);
		};
/* End PBXProject section */

/* Begin PBXSourcesBuildPhase section */
		517EC3CC1B79D2F30007BA07 /* Sources */ = {
			isa = PBXSourcesBuildPhase;
			buildActionMask = 2147483647;
			files = (
				517EC3D41B79D2F30007BA07 /* main.m in Sources */,
				628EDF5510A6013DBCB450B8 /* NSStringClass.m in Sources */,
				628ED59D07EE2E6DA60F9D5F /* NSMutableStringClass.m in Sources */,
				628EDA77FC52F02573EF59A1 /* NSArrayClass.m in Sources */,
				628EDA88A87FB3143F4E6DB4 /* NSMutableArrayClass.m in Sources */,
				628ED136D423D0DC27777618 /* People.m in Sources */,
				628EDA4560E0256E5B141143 /* NSDictionaryClass.m in Sources */,
				628EDFB65A0F5EC9FCD2024B /* NSMutableDictionaryClass.m in Sources */,
				628ED41F580C4475BDDDFC17 /* OOP.m in Sources */,
				628EDBA813C7FABF6A3FC51A /* Student.m in Sources */,
				628EDAB542DC39D956DA882B /* Base.m in Sources */,
			);
			runOnlyForDeploymentPostprocessing = 0;
		};
/* End PBXSourcesBuildPhase section */

/* Begin XCBuildConfiguration section */
		517EC3D51B79D2F30007BA07 /* Debug */ = {
			isa = XCBuildConfiguration;
			buildSettings = {
				ALWAYS_SEARCH_USER_PATHS = NO;
				CLANG_CXX_LANGUAGE_STANDARD = "gnu++0x";
				CLANG_CXX_LIBRARY = "libc++";
				CLANG_ENABLE_MODULES = YES;
				CLANG_ENABLE_OBJC_ARC = YES;
				CLANG_WARN_BOOL_CONVERSION = YES;
				CLANG_WARN_CONSTANT_CONVERSION = YES;
				CLANG_WARN_DIRECT_OBJC_ISA_USAGE = YES_ERROR;
				CLANG_WARN_EMPTY_BODY = YES;
				CLANG_WARN_ENUM_CONVERSION = YES;
				CLANG_WARN_INT_CONVERSION = YES;
				CLANG_WARN_OBJC_ROOT_CLASS = YES_ERROR;
				CLANG_WARN_UNREACHABLE_CODE = YES;
				CLANG_WARN__DUPLICATE_METHOD_MATCH = YES;
				COPY_PHASE_STRIP = NO;
				DEBUG_INFORMATION_FORMAT = dwarf;
				ENABLE_STRICT_OBJC_MSGSEND = YES;
				GCC_C_LANGUAGE_STANDARD = gnu99;
				GCC_DYNAMIC_NO_PIC = NO;
				GCC_NO_COMMON_BLOCKS = YES;
				GCC_OPTIMIZATION_LEVEL = 0;
				GCC_PREPROCESSOR_DEFINITIONS = (
					"DEBUG=1",
					"$(inherited)",
				);
				GCC_SYMBOLS_PRIVATE_EXTERN = NO;
				GCC_WARN_64_TO_32_BIT_CONVERSION = YES;
				GCC_WARN_ABOUT_RETURN_TYPE = YES_ERROR;
				GCC_WARN_UNDECLARED_SELECTOR = YES;
				GCC_WARN_UNINITIALIZED_AUTOS = YES_AGGRESSIVE;
				GCC_WARN_UNUSED_FUNCTION = YES;
				GCC_WARN_UNUSED_VARIABLE = YES;
				MACOSX_DEPLOYMENT_TARGET = 10.10;
				MTL_ENABLE_DEBUG_INFO = YES;
				ONLY_ACTIVE_ARCH = YES;
				SDKROOT = macosx;
			};
			name = Debug;
		};
		517EC3D61B79D2F30007BA07 /* Release */ = {
			isa = XCBuildConfiguration;
			buildSettings = {
				ALWAYS_SEARCH_USER_PATHS = NO;
				CLANG_CXX_LANGUAGE_STANDARD = "gnu++0x";
				CLANG_CXX_LIBRARY = "libc++";
				CLANG_ENABLE_MODULES = YES;
				CLANG_ENABLE_OBJC_ARC = YES;
				CLANG_WARN_BOOL_CONVERSION = YES;
				CLANG_WARN_CONSTANT_CONVERSION = YES;
				CLANG_WARN_DIRECT_OBJC_ISA_USAGE = YES_ERROR;
				CLANG_WARN_EMPTY_BODY = YES;
				CLANG_WARN_ENUM_CONVERSION = YES;
				CLANG_WARN_INT_CONVERSION = YES;
				CLANG_WARN_OBJC_ROOT_CLASS = YES_ERROR;
				CLANG_WARN_UNREACHABLE_CODE = YES;
				CLANG_WARN__DUPLICATE_METHOD_MATCH = YES;
				COPY_PHASE_STRIP = NO;
				DEBUG_INFORMATION_FORMAT = "dwarf-with-dsym";
				ENABLE_NS_ASSERTIONS = NO;
				ENABLE_STRICT_OBJC_MSGSEND = YES;
				GCC_C_LANGUAGE_STANDARD = gnu99;
				GCC_NO_COMMON_BLOCKS = YES;
				GCC_WARN_64_TO_32_BIT_CONVERSION = YES;
				GCC_WARN_ABOUT_RETURN_TYPE = YES_ERROR;
				GCC_WARN_UNDECLARED_SELECTOR = YES;
				GCC_WARN_UNINITIALIZED_AUTOS = YES_AGGRESSIVE;
				GCC_WARN_UNUSED_FUNCTION = YES;
				GCC_WARN_UNUSED_VARIABLE = YES;
				MACOSX_DEPLOYMENT_TARGET = 10.10;
				MTL_ENABLE_DEBUG_INFO = NO;
				SDKROOT = macosx;
			};
			name = Release;
		};
		517EC3D81B79D2F30007BA07 /* Debug */ = {
			isa = XCBuildConfiguration;
			buildSettings = {
				PRODUCT_NAME = "$(TARGET_NAME)";
			};
			name = Debug;
		};
		517EC3D91B79D2F30007BA07 /* Release */ = {
			isa = XCBuildConfiguration;
			buildSettings = {
				PRODUCT_NAME = "$(TARGET_NAME)";
			};
			name = Release;
		};
/* End XCBuildConfiguration section */

/* Begin XCConfigurationList section */
		517EC3CB1B79D2F30007BA07 /* Build configuration list for PBXProject "foundation" */ = {
			isa = XCConfigurationList;
			buildConfigurations = (
				517EC3D51B79D2F30007BA07 /* Debug */,
				517EC3D61B79D2F30007BA07 /* Release */,
			);
			defaultConfigurationIsVisible = 0;
			defaultConfigurationName = Release;
		};
		517EC3D71B79D2F30007BA07 /* Build configuration list for PBXNativeTarget "foundation" */ = {
			isa = XCConfigurationList;
			buildConfigurations = (
				517EC3D81B79D2F30007BA07 /* Debug */,
				517EC3D91B79D2F30007BA07 /* Release */,
			);
			defaultConfigurationIsVisible = 0;
			defaultConfigurationName = Release;
		};
/* End XCConfigurationList section */
	};
	rootObject = 517EC3C81B79D2F30007BA07 /* Project object */;
}
